{
  "originHash" : "3410744460d892db4e6f53d7a7dd25e43531f11cf3e400f996006504360a6c0f",
  "pins" : [
    {
      "identity" : "maplibre-gl-native-distribution",
      "kind" : "remoteSourceControl",
      "location" : "https://github.com/maplibre/maplibre-gl-native-distribution.git",
      "state" : {
        "revision" : "816a24eb56b7cd004e389f7da404047839d5dc2b",
        "version" : "6.4.2"
      }
    }
  ],
  "version" : 3
}
