PODS:
  - roomerFindApp (1.0)

DEPENDENCIES:
  - roomerFindApp (from `../roomerFindApp`)

EXTERNAL SOURCES:
  roomerFindApp:
    :path: "../roomerFindApp"

SPEC CHECKSUMS:
  roomerFindApp: 05644c755ca5735ce45f59e94b2a339d45df0711

PODFILE CHECKSUM: 222602a061aa9e718f2ddf23c4be1b103e1f015f

COCOAPODS: 1.15.2
